
Microsoft Visual Studio Solution File, Format Version 12.00
# Visual Studio 15
VisualStudioVersion = 15.0.28307.705
MinimumVisualStudioVersion = 10.0.40219.1
Project("{FAE04EC0-301F-11D3-BF4B-00C04F79EFBC}") = "5202Wk2E", "5202Wk2E\5202Wk2E.csproj", "{6191DBD5-9075-4070-96C3-DC5B1E1676F3}"
EndProject
Global
	GlobalSection(SolutionConfigurationPlatforms) = preSolution
		Debug|Any CPU = Debug|Any CPU
		Release|Any CPU = Release|Any CPU
	EndGlobalSection
	GlobalSection(ProjectConfigurationPlatforms) = postSolution
		{6191DBD5-9075-4070-96C3-DC5B1E1676F3}.Debug|Any CPU.ActiveCfg = Debug|Any CPU
		{6191DBD5-9075-4070-96C3-DC5B1E1676F3}.Debug|Any CPU.Build.0 = Debug|Any CPU
		{6191DBD5-9075-4070-96C3-DC5B1E1676F3}.Release|Any CPU.ActiveCfg = Release|Any CPU
		{6191DBD5-9075-4070-96C3-DC5B1E1676F3}.Release|Any CPU.Build.0 = Release|Any CPU
	EndGlobalSection
	GlobalSection(SolutionProperties) = preSolution
		HideSolutionNode = FALSE
	EndGlobalSection
	GlobalSection(ExtensibilityGlobals) = postSolution
		SolutionGuid = {7ED8A968-40DD-4841-8B3A-D2EC8B213806}
	EndGlobalSection
EndGlobal
